// !$*UTF8*$!
{
	archiveVersion = 1;
	classes = {
	};
	objectVersion = 46;
	objects = {

/* Begin PBXBuildFile section */
		52AB2F031CBA4F28000F8B29 /* AppDelegate.swift in Sources */ = {isa = PBXBuildFile; fileRef = 52AB2F021CBA4F28000F8B29 /* AppDelegate.swift */; };
		52AB2F051CBA4F28000F8B29 /* ViewController.swift in Sources */ = {isa = PBXBuildFile; fileRef = 52AB2F041CBA4F28000F8B29 /* ViewController.swift */; };
		52AB2F081CBA4F28000F8B29 /* Main.storyboard in Resources */ = {isa = PBXBuildFile; fileRef = 52AB2F061CBA4F28000F8B29 /* Main.storyboard */; };
		52AB2F0A1CBA4F28000F8B29 /* Assets.xcassets in Resources */ = {isa = PBXBuildFile; fileRef = 52AB2F091CBA4F28000F8B29 /* Assets.xcassets */; };
		52AB2F0D1CBA4F28000F8B29 /* LaunchScreen.storyboard in Resources */ = {isa = PBXBuildFile; fileRef = 52AB2F0B1CBA4F28000F8B29 /* LaunchScreen.storyboard */; };
		52AB2F211CBA4F4B000F8B29 /* ZEPageViewController.swift in Sources */ = {isa = PBXBuildFile; fileRef = 52AB2F161CBA4F4B000F8B29 /* ZEPageViewController.swift */; };
		52AB2F221CBA4F4B000F8B29 /* ZETableViewController.swift in Sources */ = {isa = PBXBuildFile; fileRef = 52AB2F171CBA4F4B000F8B29 /* ZETableViewController.swift */; };
		52AB2F231CBA4F4B000F8B29 /* ZEMacro.swift in Sources */ = {isa = PBXBuildFile; fileRef = 52AB2F191CBA4F4B000F8B29 /* ZEMacro.swift */; };
		52AB2F241CBA4F4B000F8B29 /* ZEPageModel.swift in Sources */ = {isa = PBXBuildFile; fileRef = 52AB2F1A1CBA4F4B000F8B29 /* ZEPageModel.swift */; };
		52AB2F251CBA4F4B000F8B29 /* ZECell.swift in Sources */ = {isa = PBXBuildFile; fileRef = 52AB2F1C1CBA4F4B000F8B29 /* ZECell.swift */; };
		52AB2F261CBA4F4B000F8B29 /* ZECell.xib in Resources */ = {isa = PBXBuildFile; fileRef = 52AB2F1D1CBA4F4B000F8B29 /* ZECell.xib */; };
		52AB2F271CBA4F4B000F8B29 /* ZEHeaderView.swift in Sources */ = {isa = PBXBuildFile; fileRef = 52AB2F1E1CBA4F4B000F8B29 /* ZEHeaderView.swift */; };
		52AB2F281CBA4F4B000F8B29 /* ZEHeaderView.xib in Resources */ = {isa = PBXBuildFile; fileRef = 52AB2F1F1CBA4F4B000F8B29 /* ZEHeaderView.xib */; };
		52AB2F291CBA4F4B000F8B29 /* ZEMenuView.swift in Sources */ = {isa = PBXBuildFile; fileRef = 52AB2F201CBA4F4B000F8B29 /* ZEMenuView.swift */; };
/* End PBXBuildFile section */

/* Begin PBXFileReference section */
		52AB2EFF1CBA4F28000F8B29 /* ZEPageControl.app */ = {isa = PBXFileReference; explicitFileType = wrapper.application; includeInIndex = 0; path = ZEPageControl.app; sourceTree = BUILT_PRODUCTS_DIR; };
		52AB2F021CBA4F28000F8B29 /* AppDelegate.swift */ = {isa = PBXFileReference; lastKnownFileType = sourcecode.swift; path = AppDelegate.swift; sourceTree = "<group>"; };
		52AB2F041CBA4F28000F8B29 /* ViewController.swift */ = {isa = PBXFileReference; lastKnownFileType = sourcecode.swift; path = ViewController.swift; sourceTree = "<group>"; };
		52AB2F071CBA4F28000F8B29 /* Base */ = {isa = PBXFileReference; lastKnownFileType = file.storyboard; name = Base; path = Base.lproj/Main.storyboard; sourceTree = "<group>"; };
		52AB2F091CBA4F28000F8B29 /* Assets.xcassets */ = {isa = PBXFileReference; lastKnownFileType = folder.assetcatalog; path = Assets.xcassets; sourceTree = "<group>"; };
		52AB2F0C1CBA4F28000F8B29 /* Base */ = {isa = PBXFileReference; lastKnownFileType = file.storyboard; name = Base; path = Base.lproj/LaunchScreen.storyboard; sourceTree = "<group>"; };
		52AB2F0E1CBA4F28000F8B29 /* Info.plist */ = {isa = PBXFileReference; lastKnownFileType = text.plist.xml; path = Info.plist; sourceTree = "<group>"; };
		52AB2F161CBA4F4B000F8B29 /* ZEPageViewController.swift */ = {isa = PBXFileReference; fileEncoding = 4; lastKnownFileType = sourcecode.swift; path = ZEPageViewController.swift; sourceTree = "<group>"; };
		52AB2F171CBA4F4B000F8B29 /* ZETableViewController.swift */ = {isa = PBXFileReference; fileEncoding = 4; lastKnownFileType = sourcecode.swift; path = ZETableViewController.swift; sourceTree = "<group>"; };
		52AB2F191CBA4F4B000F8B29 /* ZEMacro.swift */ = {isa = PBXFileReference; fileEncoding = 4; lastKnownFileType = sourcecode.swift; name = ZEMacro.swift; path = Model/ZEMacro.swift; sourceTree = "<group>"; };
		52AB2F1A1CBA4F4B000F8B29 /* ZEPageModel.swift */ = {isa = PBXFileReference; fileEncoding = 4; lastKnownFileType = sourcecode.swift; path = ZEPageModel.swift; sourceTree = "<group>"; };
		52AB2F1C1CBA4F4B000F8B29 /* ZECell.swift */ = {isa = PBXFileReference; fileEncoding = 4; lastKnownFileType = sourcecode.swift; path = ZECell.swift; sourceTree = "<group>"; };
		52AB2F1D1CBA4F4B000F8B29 /* ZECell.xib */ = {isa = PBXFileReference; fileEncoding = 4; lastKnownFileType = file.xib; path = ZECell.xib; sourceTree = "<group>"; };
		52AB2F1E1CBA4F4B000F8B29 /* ZEHeaderView.swift */ = {isa = PBXFileReference; fileEncoding = 4; lastKnownFileType = sourcecode.swift; path = ZEHeaderView.swift; sourceTree = "<group>"; };
		52AB2F1F1CBA4F4B000F8B29 /* ZEHeaderView.xib */ = {isa = PBXFileReference; fileEncoding = 4; lastKnownFileType = file.xib; path = ZEHeaderView.xib; sourceTree = "<group>"; };
		52AB2F201CBA4F4B000F8B29 /* ZEMenuView.swift */ = {isa = PBXFileReference; fileEncoding = 4; lastKnownFileType = sourcecode.swift; path = ZEMenuView.swift; sourceTree = "<group>"; };
/* End PBXFileReference section */

/* Begin PBXFrameworksBuildPhase section */
		52AB2EFC1CBA4F28000F8B29 /* Frameworks */ = {
			isa = PBXFrameworksBuildPhase;
			buildActionMask = 2147483647;
			files = (
			);
			runOnlyForDeploymentPostprocessing = 0;
		};
/* End PBXFrameworksBuildPhase section */

/* Begin PBXGroup section */
		52AB2EF61CBA4F28000F8B29 = {
			isa = PBXGroup;
			children = (
				52AB2F011CBA4F28000F8B29 /* ZEPageControl */,
				52AB2F001CBA4F28000F8B29 /* Products */,
			);
			sourceTree = "<group>";
		};
		52AB2F001CBA4F28000F8B29 /* Products */ = {
			isa = PBXGroup;
			children = (
				52AB2EFF1CBA4F28000F8B29 /* ZEPageControl.app */,
			);
			name = Products;
			sourceTree = "<group>";
		};
		52AB2F011CBA4F28000F8B29 /* ZEPageControl */ = {
			isa = PBXGroup;
			children = (
				52AB2F141CBA4F4B000F8B29 /* ZEPage */,
				52AB2F021CBA4F28000F8B29 /* AppDelegate.swift */,
				52AB2F041CBA4F28000F8B29 /* ViewController.swift */,
				52AB2F061CBA4F28000F8B29 /* Main.storyboard */,
				52AB2F091CBA4F28000F8B29 /* Assets.xcassets */,
				52AB2F0B1CBA4F28000F8B29 /* LaunchScreen.storyboard */,
				52AB2F0E1CBA4F28000F8B29 /* Info.plist */,
			);
			path = ZEPageControl;
			sourceTree = "<group>";
		};
		52AB2F141CBA4F4B000F8B29 /* ZEPage */ = {
			isa = PBXGroup;
			children = (
				52AB2F191CBA4F4B000F8B29 /* ZEMacro.swift */,
				52AB2F151CBA4F4B000F8B29 /* Controller */,
				52AB2F181CBA4F4B000F8B29 /* Model */,
				52AB2F1B1CBA4F4B000F8B29 /* View */,
			);
			name = ZEPage;
			path = ZEPageView;
			sourceTree = "<group>";
		};
		52AB2F151CBA4F4B000F8B29 /* Controller */ = {
			isa = PBXGroup;
			children = (
				52AB2F161CBA4F4B000F8B29 /* ZEPageViewController.swift */,
				52AB2F171CBA4F4B000F8B29 /* ZETableViewController.swift */,
			);
			path = Controller;
			sourceTree = "<group>";
		};
		52AB2F181CBA4F4B000F8B29 /* Model */ = {
			isa = PBXGroup;
			children = (
				52AB2F1A1CBA4F4B000F8B29 /* ZEPageModel.swift */,
			);
			path = Model;
			sourceTree = "<group>";
		};
		52AB2F1B1CBA4F4B000F8B29 /* View */ = {
			isa = PBXGroup;
			children = (
				52AB2F1C1CBA4F4B000F8B29 /* ZECell.swift */,
				52AB2F1D1CBA4F4B000F8B29 /* ZECell.xib */,
				52AB2F1E1CBA4F4B000F8B29 /* ZEHeaderView.swift */,
				52AB2F1F1CBA4F4B000F8B29 /* ZEHeaderView.xib */,
				52AB2F201CBA4F4B000F8B29 /* ZEMenuView.swift */,
			);
			path = View;
			sourceTree = "<group>";
		};
/* End PBXGroup section */

/* Begin PBXNativeTarget section */
		52AB2EFE1CBA4F28000F8B29 /* ZEPageControl */ = {
			isa = PBXNativeTarget;
			buildConfigurationList = 52AB2F111CBA4F28000F8B29 /* Build configuration list for PBXNativeTarget "ZEPageControl" */;
			buildPhases = (
				52AB2EFB1CBA4F28000F8B29 /* Sources */,
				52AB2EFC1CBA4F28000F8B29 /* Frameworks */,
				52AB2EFD1CBA4F28000F8B29 /* Resources */,
			);
			buildRules = (
			);
			dependencies = (
			);
			name = ZEPageControl;
			productName = ZEPageControl;
			productReference = 52AB2EFF1CBA4F28000F8B29 /* ZEPageControl.app */;
			productType = "com.apple.product-type.application";
		};
/* End PBXNativeTarget section */

/* Begin PBXProject section */
		52AB2EF71CBA4F28000F8B29 /* Project object */ = {
			isa = PBXProject;
			attributes = {
				LastSwiftUpdateCheck = 0730;
				LastUpgradeCheck = 0730;
				ORGANIZATIONNAME = "胡春源";
				TargetAttributes = {
					52AB2EFE1CBA4F28000F8B29 = {
						CreatedOnToolsVersion = 7.3;
					};
				};
			};
			buildConfigurationList = 52AB2EFA1CBA4F28000F8B29 /* Build configuration list for PBXProject "ZEPageControl" */;
			compatibilityVersion = "Xcode 3.2";
			developmentRegion = English;
			hasScannedForEncodings = 0;
			knownRegions = (
				en,
				Base,
			);
			mainGroup = 52AB2EF61CBA4F28000F8B29;
			productRefGroup = 52AB2F001CBA4F28000F8B29 /* Products */;
			projectDirPath = "";
			projectRoot = "";
			targets = (
				52AB2EFE1CBA4F28000F8B29 /* ZEPageControl */,
			);
		};
/* End PBXProject section */

/* Begin PBXResourcesBuildPhase section */
		52AB2EFD1CBA4F28000F8B29 /* Resources */ = {
			isa = PBXResourcesBuildPhase;
			buildActionMask = 2147483647;
			files = (
				52AB2F0D1CBA4F28000F8B29 /* LaunchScreen.storyboard in Resources */,
				52AB2F0A1CBA4F28000F8B29 /* Assets.xcassets in Resources */,
				52AB2F261CBA4F4B000F8B29 /* ZECell.xib in Resources */,
				52AB2F081CBA4F28000F8B29 /* Main.storyboard in Resources */,
				52AB2F281CBA4F4B000F8B29 /* ZEHeaderView.xib in Resources */,
			);
			runOnlyForDeploymentPostprocessing = 0;
		};
/* End PBXResourcesBuildPhase section */

/* Begin PBXSourcesBuildPhase section */
		52AB2EFB1CBA4F28000F8B29 /* Sources */ = {
			isa = PBXSourcesBuildPhase;
			buildActionMask = 2147483647;
			files = (
				52AB2F271CBA4F4B000F8B29 /* ZEHeaderView.swift in Sources */,
				52AB2F221CBA4F4B000F8B29 /* ZETableViewController.swift in Sources */,
				52AB2F051CBA4F28000F8B29 /* ViewController.swift in Sources */,
				52AB2F231CBA4F4B000F8B29 /* ZEMacro.swift in Sources */,
				52AB2F251CBA4F4B000F8B29 /* ZECell.swift in Sources */,
				52AB2F031CBA4F28000F8B29 /* AppDelegate.swift in Sources */,
				52AB2F211CBA4F4B000F8B29 /* ZEPageViewController.swift in Sources */,
				52AB2F241CBA4F4B000F8B29 /* ZEPageModel.swift in Sources */,
				52AB2F291CBA4F4B000F8B29 /* ZEMenuView.swift in Sources */,
			);
			runOnlyForDeploymentPostprocessing = 0;
		};
/* End PBXSourcesBuildPhase section */

/* Begin PBXVariantGroup section */
		52AB2F061CBA4F28000F8B29 /* Main.storyboard */ = {
			isa = PBXVariantGroup;
			children = (
				52AB2F071CBA4F28000F8B29 /* Base */,
			);
			name = Main.storyboard;
			sourceTree = "<group>";
		};
		52AB2F0B1CBA4F28000F8B29 /* LaunchScreen.storyboard */ = {
			isa = PBXVariantGroup;
			children = (
				52AB2F0C1CBA4F28000F8B29 /* Base */,
			);
			name = LaunchScreen.storyboard;
			sourceTree = "<group>";
		};
/* End PBXVariantGroup section */

/* Begin XCBuildConfiguration section */
		52AB2F0F1CBA4F28000F8B29 /* Debug */ = {
			isa = XCBuildConfiguration;
			buildSettings = {
				ALWAYS_SEARCH_USER_PATHS = NO;
				CLANG_ANALYZER_NONNULL = YES;
				CLANG_CXX_LANGUAGE_STANDARD = "gnu++0x";
				CLANG_CXX_LIBRARY = "libc++";
				CLANG_ENABLE_MODULES = YES;
				CLANG_ENABLE_OBJC_ARC = YES;
				CLANG_WARN_BOOL_CONVERSION = YES;
				CLANG_WARN_CONSTANT_CONVERSION = YES;
				CLANG_WARN_DIRECT_OBJC_ISA_USAGE = YES_ERROR;
				CLANG_WARN_EMPTY_BODY = YES;
				CLANG_WARN_ENUM_CONVERSION = YES;
				CLANG_WARN_INT_CONVERSION = YES;
				CLANG_WARN_OBJC_ROOT_CLASS = YES_ERROR;
				CLANG_WARN_UNREACHABLE_CODE = YES;
				CLANG_WARN__DUPLICATE_METHOD_MATCH = YES;
				"CODE_SIGN_IDENTITY[sdk=iphoneos*]" = "iPhone Developer";
				COPY_PHASE_STRIP = NO;
				DEBUG_INFORMATION_FORMAT = dwarf;
				ENABLE_STRICT_OBJC_MSGSEND = YES;
				ENABLE_TESTABILITY = YES;
				GCC_C_LANGUAGE_STANDARD = gnu99;
				GCC_DYNAMIC_NO_PIC = NO;
				GCC_NO_COMMON_BLOCKS = YES;
				GCC_OPTIMIZATION_LEVEL = 0;
				GCC_PREPROCESSOR_DEFINITIONS = (
					"DEBUG=1",
					"$(inherited)",
				);
				GCC_WARN_64_TO_32_BIT_CONVERSION = YES;
				GCC_WARN_ABOUT_RETURN_TYPE = YES_ERROR;
				GCC_WARN_UNDECLARED_SELECTOR = YES;
				GCC_WARN_UNINITIALIZED_AUTOS = YES_AGGRESSIVE;
				GCC_WARN_UNUSED_FUNCTION = YES;
				GCC_WARN_UNUSED_VARIABLE = YES;
				IPHONEOS_DEPLOYMENT_TARGET = 9.3;
				MTL_ENABLE_DEBUG_INFO = YES;
				ONLY_ACTIVE_ARCH = YES;
				SDKROOT = iphoneos;
				SWIFT_OPTIMIZATION_LEVEL = "-Onone";
			};
			name = Debug;
		};
		52AB2F101CBA4F28000F8B29 /* Release */ = {
			isa = XCBuildConfiguration;
			buildSettings = {
				ALWAYS_SEARCH_USER_PATHS = NO;
				CLANG_ANALYZER_NONNULL = YES;
				CLANG_CXX_LANGUAGE_STANDARD = "gnu++0x";
				CLANG_CXX_LIBRARY = "libc++";
				CLANG_ENABLE_MODULES = YES;
				CLANG_ENABLE_OBJC_ARC = YES;
				CLANG_WARN_BOOL_CONVERSION = YES;
				CLANG_WARN_CONSTANT_CONVERSION = YES;
				CLANG_WARN_DIRECT_OBJC_ISA_USAGE = YES_ERROR;
				CLANG_WARN_EMPTY_BODY = YES;
				CLANG_WARN_ENUM_CONVERSION = YES;
				CLANG_WARN_INT_CONVERSION = YES;
				CLANG_WARN_OBJC_ROOT_CLASS = YES_ERROR;
				CLANG_WARN_UNREACHABLE_CODE = YES;
				CLANG_WARN__DUPLICATE_METHOD_MATCH = YES;
				"CODE_SIGN_IDENTITY[sdk=iphoneos*]" = "iPhone Developer";
				COPY_PHASE_STRIP = NO;
				DEBUG_INFORMATION_FORMAT = "dwarf-with-dsym";
				ENABLE_NS_ASSERTIONS = NO;
				ENABLE_STRICT_OBJC_MSGSEND = YES;
				GCC_C_LANGUAGE_STANDARD = gnu99;
				GCC_NO_COMMON_BLOCKS = YES;
				GCC_WARN_64_TO_32_BIT_CONVERSION = YES;
				GCC_WARN_ABOUT_RETURN_TYPE = YES_ERROR;
				GCC_WARN_UNDECLARED_SELECTOR = YES;
				GCC_WARN_UNINITIALIZED_AUTOS = YES_AGGRESSIVE;
				GCC_WARN_UNUSED_FUNCTION = YES;
				GCC_WARN_UNUSED_VARIABLE = YES;
				IPHONEOS_DEPLOYMENT_TARGET = 9.3;
				MTL_ENABLE_DEBUG_INFO = NO;
				SDKROOT = iphoneos;
				VALIDATE_PRODUCT = YES;
			};
			name = Release;
		};
		52AB2F121CBA4F28000F8B29 /* Debug */ = {
			isa = XCBuildConfiguration;
			buildSettings = {
				ASSETCATALOG_COMPILER_APPICON_NAME = AppIcon;
				INFOPLIST_FILE = ZEPageControl/Info.plist;
				LD_RUNPATH_SEARCH_PATHS = "$(inherited) @executable_path/Frameworks";
				PRODUCT_BUNDLE_IDENTIFIER = com.Lafree.www.ZEPageControl;
				PRODUCT_NAME = "$(TARGET_NAME)";
			};
			name = Debug;
		};
		52AB2F131CBA4F28000F8B29 /* Release */ = {
			isa = XCBuildConfiguration;
			buildSettings = {
				ASSETCATALOG_COMPILER_APPICON_NAME = AppIcon;
				INFOPLIST_FILE = ZEPageControl/Info.plist;
				LD_RUNPATH_SEARCH_PATHS = "$(inherited) @executable_path/Frameworks";
				PRODUCT_BUNDLE_IDENTIFIER = com.Lafree.www.ZEPageControl;
				PRODUCT_NAME = "$(TARGET_NAME)";
			};
			name = Release;
		};
/* End XCBuildConfiguration section */

/* Begin XCConfigurationList section */
		52AB2EFA1CBA4F28000F8B29 /* Build configuration list for PBXProject "ZEPageControl" */ = {
			isa = XCConfigurationList;
			buildConfigurations = (
				52AB2F0F1CBA4F28000F8B29 /* Debug */,
				52AB2F101CBA4F28000F8B29 /* Release */,
			);
			defaultConfigurationIsVisible = 0;
			defaultConfigurationName = Release;
		};
		52AB2F111CBA4F28000F8B29 /* Build configuration list for PBXNativeTarget "ZEPageControl" */ = {
			isa = XCConfigurationList;
			buildConfigurations = (
				52AB2F121CBA4F28000F8B29 /* Debug */,
				52AB2F131CBA4F28000F8B29 /* Release */,
			);
			defaultConfigurationIsVisible = 0;
		};
/* End XCConfigurationList section */
	};
	rootObject = 52AB2EF71CBA4F28000F8B29 /* Project object */;
}
